
Microsoft Visual Studio Solution File, Format Version 12.00
# Visual Studio Version 16
VisualStudioVersion = 16.0.29709.97
MinimumVisualStudioVersion = 10.0.40219.1
Project("{8BC9CEB8-8B4A-11D0-8D11-00A0C91BC942}") = "kr22_2", "kr22_2.vcxproj", "{B675BD86-4D07-4C0C-B002-1EC510F14685}"
EndProject
Global
	GlobalSection(SolutionConfigurationPlatforms) = preSolution
		Debug|x64 = Debug|x64
		Debug|x86 = Debug|x86
		Release|x64 = Release|x64
		Release|x86 = Release|x86
	EndGlobalSection
	GlobalSection(ProjectConfigurationPlatforms) = postSolution
		{B675BD86-4D07-4C0C-B002-1EC510F14685}.Debug|x64.ActiveCfg = Debug|x64
		{B675BD86-4D07-4C0C-B002-1EC510F14685}.Debug|x64.Build.0 = Debug|x64
		{B675BD86-4D07-4C0C-B002-1EC510F14685}.Debug|x86.ActiveCfg = Debug|Win32
		{B675BD86-4D07-4C0C-B002-1EC510F14685}.Debug|x86.Build.0 = Debug|Win32
		{B675BD86-4D07-4C0C-B002-1EC510F14685}.Release|x64.ActiveCfg = Release|x64
		{B675BD86-4D07-4C0C-B002-1EC510F14685}.Release|x64.Build.0 = Release|x64
		{B675BD86-4D07-4C0C-B002-1EC510F14685}.Release|x86.ActiveCfg = Release|Win32
		{B675BD86-4D07-4C0C-B002-1EC510F14685}.Release|x86.Build.0 = Release|Win32
	EndGlobalSection
	GlobalSection(SolutionProperties) = preSolution
		HideSolutionNode = FALSE
	EndGlobalSection
	GlobalSection(ExtensibilityGlobals) = postSolution
		SolutionGuid = {038B88EB-E7B2-4330-8300-26E01EE1CF42}
	EndGlobalSection
EndGlobal
